// !$*UTF8*$!
{
	archiveVersion = 1;
	classes = {
	};
	objectVersion = 46;
	objects = {

/* Begin PBXBuildFile section */
		B539D48F1CA022F3006FD35F /* Networking.m in Sources */ = {isa = PBXBuildFile; fileRef = B539D48E1CA022F3006FD35F /* Networking.m */; };
		B539D4921CA03768006FD35F /* NetworkingIndicator.m in Sources */ = {isa = PBXBuildFile; fileRef = B539D4911CA03768006FD35F /* NetworkingIndicator.m */; };
		B539D4951CA037D1006FD35F /* NetworkingReachability.m in Sources */ = {isa = PBXBuildFile; fileRef = B539D4941CA037D1006FD35F /* NetworkingReachability.m */; };
		B539D4991CA03BC8006FD35F /* WeatherInfoModel.m in Sources */ = {isa = PBXBuildFile; fileRef = B539D4981CA03BC8006FD35F /* WeatherInfoModel.m */; };
		B539D49C1CA03C58006FD35F /* WeatherInfoSerializer.m in Sources */ = {isa = PBXBuildFile; fileRef = B539D49B1CA03C58006FD35F /* WeatherInfoSerializer.m */; };
		B5FC66361C9996B500832617 /* main.m in Sources */ = {isa = PBXBuildFile; fileRef = B5FC66351C9996B500832617 /* main.m */; };
		B5FC66391C9996B500832617 /* AppDelegate.m in Sources */ = {isa = PBXBuildFile; fileRef = B5FC66381C9996B500832617 /* AppDelegate.m */; };
		B5FC663C1C9996B500832617 /* ViewController.m in Sources */ = {isa = PBXBuildFile; fileRef = B5FC663B1C9996B500832617 /* ViewController.m */; };
		B5FC663F1C9996B500832617 /* Main.storyboard in Resources */ = {isa = PBXBuildFile; fileRef = B5FC663D1C9996B500832617 /* Main.storyboard */; };
		B5FC66411C9996B500832617 /* Assets.xcassets in Resources */ = {isa = PBXBuildFile; fileRef = B5FC66401C9996B500832617 /* Assets.xcassets */; };
		B5FC66441C9996B500832617 /* LaunchScreen.storyboard in Resources */ = {isa = PBXBuildFile; fileRef = B5FC66421C9996B500832617 /* LaunchScreen.storyboard */; };
		B5FC66721C9998FE00832617 /* AFHTTPRequestOperation.m in Sources */ = {isa = PBXBuildFile; fileRef = B5FC664D1C9998FE00832617 /* AFHTTPRequestOperation.m */; };
		B5FC66731C9998FE00832617 /* AFHTTPRequestOperationManager.m in Sources */ = {isa = PBXBuildFile; fileRef = B5FC664F1C9998FE00832617 /* AFHTTPRequestOperationManager.m */; };
		B5FC66741C9998FE00832617 /* AFHTTPSessionManager.m in Sources */ = {isa = PBXBuildFile; fileRef = B5FC66511C9998FE00832617 /* AFHTTPSessionManager.m */; };
		B5FC66751C9998FE00832617 /* AFNetworkReachabilityManager.m in Sources */ = {isa = PBXBuildFile; fileRef = B5FC66541C9998FE00832617 /* AFNetworkReachabilityManager.m */; };
		B5FC66761C9998FE00832617 /* AFSecurityPolicy.m in Sources */ = {isa = PBXBuildFile; fileRef = B5FC66561C9998FE00832617 /* AFSecurityPolicy.m */; };
		B5FC66771C9998FE00832617 /* AFURLConnectionOperation.m in Sources */ = {isa = PBXBuildFile; fileRef = B5FC66581C9998FE00832617 /* AFURLConnectionOperation.m */; };
		B5FC66781C9998FE00832617 /* AFURLRequestSerialization.m in Sources */ = {isa = PBXBuildFile; fileRef = B5FC665A1C9998FE00832617 /* AFURLRequestSerialization.m */; };
		B5FC66791C9998FE00832617 /* AFURLResponseSerialization.m in Sources */ = {isa = PBXBuildFile; fileRef = B5FC665C1C9998FE00832617 /* AFURLResponseSerialization.m */; };
		B5FC667A1C9998FE00832617 /* AFURLSessionManager.m in Sources */ = {isa = PBXBuildFile; fileRef = B5FC665E1C9998FE00832617 /* AFURLSessionManager.m */; };
		B5FC667B1C9998FE00832617 /* AFNetworkActivityIndicatorManager.m in Sources */ = {isa = PBXBuildFile; fileRef = B5FC66611C9998FE00832617 /* AFNetworkActivityIndicatorManager.m */; };
		B5FC667C1C9998FE00832617 /* UIActivityIndicatorView+AFNetworking.m in Sources */ = {isa = PBXBuildFile; fileRef = B5FC66631C9998FE00832617 /* UIActivityIndicatorView+AFNetworking.m */; };
		B5FC667D1C9998FE00832617 /* UIAlertView+AFNetworking.m in Sources */ = {isa = PBXBuildFile; fileRef = B5FC66651C9998FE00832617 /* UIAlertView+AFNetworking.m */; };
		B5FC667E1C9998FE00832617 /* UIButton+AFNetworking.m in Sources */ = {isa = PBXBuildFile; fileRef = B5FC66671C9998FE00832617 /* UIButton+AFNetworking.m */; };
		B5FC667F1C9998FE00832617 /* UIImageView+AFNetworking.m in Sources */ = {isa = PBXBuildFile; fileRef = B5FC666A1C9998FE00832617 /* UIImageView+AFNetworking.m */; };
		B5FC66801C9998FE00832617 /* UIProgressView+AFNetworking.m in Sources */ = {isa = PBXBuildFile; fileRef = B5FC666D1C9998FE00832617 /* UIProgressView+AFNetworking.m */; };
		B5FC66811C9998FE00832617 /* UIRefreshControl+AFNetworking.m in Sources */ = {isa = PBXBuildFile; fileRef = B5FC666F1C9998FE00832617 /* UIRefreshControl+AFNetworking.m */; };
		B5FC66821C9998FE00832617 /* UIWebView+AFNetworking.m in Sources */ = {isa = PBXBuildFile; fileRef = B5FC66711C9998FE00832617 /* UIWebView+AFNetworking.m */; };
		B5FC66871C99996E00832617 /* RequestMethodType.m in Sources */ = {isa = PBXBuildFile; fileRef = B5FC66861C99996E00832617 /* RequestMethodType.m */; };
		B5FC668A1C999A3700832617 /* RequestBodyType.m in Sources */ = {isa = PBXBuildFile; fileRef = B5FC66891C999A3700832617 /* RequestBodyType.m */; };
		B5FC668D1C999B6E00832617 /* ResponseDataType.m in Sources */ = {isa = PBXBuildFile; fileRef = B5FC668C1C999B6E00832617 /* ResponseDataType.m */; };
		B5FC66901C999CA400832617 /* AbstractRequestParameterSerializer.m in Sources */ = {isa = PBXBuildFile; fileRef = B5FC668F1C999CA400832617 /* AbstractRequestParameterSerializer.m */; };
		B5FC66931C999D5200832617 /* AbstractRequestDataSerializer.m in Sources */ = {isa = PBXBuildFile; fileRef = B5FC66921C999D5200832617 /* AbstractRequestDataSerializer.m */; };
		B5FC66961C999DB700832617 /* AbstractNetworkingIndicator.m in Sources */ = {isa = PBXBuildFile; fileRef = B5FC66951C999DB700832617 /* AbstractNetworkingIndicator.m */; };
		B5FC66991C999F7C00832617 /* AbstractNetworkingReachability.m in Sources */ = {isa = PBXBuildFile; fileRef = B5FC66981C999F7C00832617 /* AbstractNetworkingReachability.m */; };
		B5FC66A01C99A11000832617 /* AbstractNetworking.m in Sources */ = {isa = PBXBuildFile; fileRef = B5FC669F1C99A11000832617 /* AbstractNetworking.m */; };
/* End PBXBuildFile section */

/* Begin PBXFileReference section */
		B539D48D1CA022F3006FD35F /* Networking.h */ = {isa = PBXFileReference; fileEncoding = 4; lastKnownFileType = sourcecode.c.h; path = Networking.h; sourceTree = "<group>"; };
		B539D48E1CA022F3006FD35F /* Networking.m */ = {isa = PBXFileReference; fileEncoding = 4; lastKnownFileType = sourcecode.c.objc; path = Networking.m; sourceTree = "<group>"; };
		B539D4901CA03768006FD35F /* NetworkingIndicator.h */ = {isa = PBXFileReference; fileEncoding = 4; lastKnownFileType = sourcecode.c.h; path = NetworkingIndicator.h; sourceTree = "<group>"; };
		B539D4911CA03768006FD35F /* NetworkingIndicator.m */ = {isa = PBXFileReference; fileEncoding = 4; lastKnownFileType = sourcecode.c.objc; path = NetworkingIndicator.m; sourceTree = "<group>"; };
		B539D4931CA037D1006FD35F /* NetworkingReachability.h */ = {isa = PBXFileReference; fileEncoding = 4; lastKnownFileType = sourcecode.c.h; path = NetworkingReachability.h; sourceTree = "<group>"; };
		B539D4941CA037D1006FD35F /* NetworkingReachability.m */ = {isa = PBXFileReference; fileEncoding = 4; lastKnownFileType = sourcecode.c.objc; path = NetworkingReachability.m; sourceTree = "<group>"; };
		B539D4971CA03BC8006FD35F /* WeatherInfoModel.h */ = {isa = PBXFileReference; fileEncoding = 4; lastKnownFileType = sourcecode.c.h; path = WeatherInfoModel.h; sourceTree = "<group>"; };
		B539D4981CA03BC8006FD35F /* WeatherInfoModel.m */ = {isa = PBXFileReference; fileEncoding = 4; lastKnownFileType = sourcecode.c.objc; path = WeatherInfoModel.m; sourceTree = "<group>"; };
		B539D49A1CA03C58006FD35F /* WeatherInfoSerializer.h */ = {isa = PBXFileReference; fileEncoding = 4; lastKnownFileType = sourcecode.c.h; path = WeatherInfoSerializer.h; sourceTree = "<group>"; };
		B539D49B1CA03C58006FD35F /* WeatherInfoSerializer.m */ = {isa = PBXFileReference; fileEncoding = 4; lastKnownFileType = sourcecode.c.objc; path = WeatherInfoSerializer.m; sourceTree = "<group>"; };
		B5FC66311C9996B500832617 /* AFNetworking-2.x.app */ = {isa = PBXFileReference; explicitFileType = wrapper.application; includeInIndex = 0; path = "AFNetworking-2.x.app"; sourceTree = BUILT_PRODUCTS_DIR; };
		B5FC66351C9996B500832617 /* main.m */ = {isa = PBXFileReference; lastKnownFileType = sourcecode.c.objc; path = main.m; sourceTree = "<group>"; };
		B5FC66371C9996B500832617 /* AppDelegate.h */ = {isa = PBXFileReference; lastKnownFileType = sourcecode.c.h; path = AppDelegate.h; sourceTree = "<group>"; };
		B5FC66381C9996B500832617 /* AppDelegate.m */ = {isa = PBXFileReference; lastKnownFileType = sourcecode.c.objc; path = AppDelegate.m; sourceTree = "<group>"; };
		B5FC663A1C9996B500832617 /* ViewController.h */ = {isa = PBXFileReference; lastKnownFileType = sourcecode.c.h; path = ViewController.h; sourceTree = "<group>"; };
		B5FC663B1C9996B500832617 /* ViewController.m */ = {isa = PBXFileReference; lastKnownFileType = sourcecode.c.objc; path = ViewController.m; sourceTree = "<group>"; };
		B5FC663E1C9996B500832617 /* Base */ = {isa = PBXFileReference; lastKnownFileType = file.storyboard; name = Base; path = Base.lproj/Main.storyboard; sourceTree = "<group>"; };
		B5FC66401C9996B500832617 /* Assets.xcassets */ = {isa = PBXFileReference; lastKnownFileType = folder.assetcatalog; path = Assets.xcassets; sourceTree = "<group>"; };
		B5FC66431C9996B500832617 /* Base */ = {isa = PBXFileReference; lastKnownFileType = file.storyboard; name = Base; path = Base.lproj/LaunchScreen.storyboard; sourceTree = "<group>"; };
		B5FC66451C9996B500832617 /* Info.plist */ = {isa = PBXFileReference; lastKnownFileType = text.plist.xml; path = Info.plist; sourceTree = "<group>"; };
		B5FC664C1C9998FE00832617 /* AFHTTPRequestOperation.h */ = {isa = PBXFileReference; fileEncoding = 4; lastKnownFileType = sourcecode.c.h; path = AFHTTPRequestOperation.h; sourceTree = "<group>"; };
		B5FC664D1C9998FE00832617 /* AFHTTPRequestOperation.m */ = {isa = PBXFileReference; fileEncoding = 4; lastKnownFileType = sourcecode.c.objc; path = AFHTTPRequestOperation.m; sourceTree = "<group>"; };
		B5FC664E1C9998FE00832617 /* AFHTTPRequestOperationManager.h */ = {isa = PBXFileReference; fileEncoding = 4; lastKnownFileType = sourcecode.c.h; path = AFHTTPRequestOperationManager.h; sourceTree = "<group>"; };
		B5FC664F1C9998FE00832617 /* AFHTTPRequestOperationManager.m */ = {isa = PBXFileReference; fileEncoding = 4; lastKnownFileType = sourcecode.c.objc; path = AFHTTPRequestOperationManager.m; sourceTree = "<group>"; };
		B5FC66501C9998FE00832617 /* AFHTTPSessionManager.h */ = {isa = PBXFileReference; fileEncoding = 4; lastKnownFileType = sourcecode.c.h; path = AFHTTPSessionManager.h; sourceTree = "<group>"; };
		B5FC66511C9998FE00832617 /* AFHTTPSessionManager.m */ = {isa = PBXFileReference; fileEncoding = 4; lastKnownFileType = sourcecode.c.objc; path = AFHTTPSessionManager.m; sourceTree = "<group>"; };
		B5FC66521C9998FE00832617 /* AFNetworking.h */ = {isa = PBXFileReference; fileEncoding = 4; lastKnownFileType = sourcecode.c.h; path = AFNetworking.h; sourceTree = "<group>"; };
		B5FC66531C9998FE00832617 /* AFNetworkReachabilityManager.h */ = {isa = PBXFileReference; fileEncoding = 4; lastKnownFileType = sourcecode.c.h; path = AFNetworkReachabilityManager.h; sourceTree = "<group>"; };
		B5FC66541C9998FE00832617 /* AFNetworkReachabilityManager.m */ = {isa = PBXFileReference; fileEncoding = 4; lastKnownFileType = sourcecode.c.objc; path = AFNetworkReachabilityManager.m; sourceTree = "<group>"; };
		B5FC66551C9998FE00832617 /* AFSecurityPolicy.h */ = {isa = PBXFileReference; fileEncoding = 4; lastKnownFileType = sourcecode.c.h; path = AFSecurityPolicy.h; sourceTree = "<group>"; };
		B5FC66561C9998FE00832617 /* AFSecurityPolicy.m */ = {isa = PBXFileReference; fileEncoding = 4; lastKnownFileType = sourcecode.c.objc; path = AFSecurityPolicy.m; sourceTree = "<group>"; };
		B5FC66571C9998FE00832617 /* AFURLConnectionOperation.h */ = {isa = PBXFileReference; fileEncoding = 4; lastKnownFileType = sourcecode.c.h; path = AFURLConnectionOperation.h; sourceTree = "<group>"; };
		B5FC66581C9998FE00832617 /* AFURLConnectionOperation.m */ = {isa = PBXFileReference; fileEncoding = 4; lastKnownFileType = sourcecode.c.objc; path = AFURLConnectionOperation.m; sourceTree = "<group>"; };
		B5FC66591C9998FE00832617 /* AFURLRequestSerialization.h */ = {isa = PBXFileReference; fileEncoding = 4; lastKnownFileType = sourcecode.c.h; path = AFURLRequestSerialization.h; sourceTree = "<group>"; };
		B5FC665A1C9998FE00832617 /* AFURLRequestSerialization.m */ = {isa = PBXFileReference; fileEncoding = 4; lastKnownFileType = sourcecode.c.objc; path = AFURLRequestSerialization.m; sourceTree = "<group>"; };
		B5FC665B1C9998FE00832617 /* AFURLResponseSerialization.h */ = {isa = PBXFileReference; fileEncoding = 4; lastKnownFileType = sourcecode.c.h; path = AFURLResponseSerialization.h; sourceTree = "<group>"; };
		B5FC665C1C9998FE00832617 /* AFURLResponseSerialization.m */ = {isa = PBXFileReference; fileEncoding = 4; lastKnownFileType = sourcecode.c.objc; path = AFURLResponseSerialization.m; sourceTree = "<group>"; };
		B5FC665D1C9998FE00832617 /* AFURLSessionManager.h */ = {isa = PBXFileReference; fileEncoding = 4; lastKnownFileType = sourcecode.c.h; path = AFURLSessionManager.h; sourceTree = "<group>"; };
		B5FC665E1C9998FE00832617 /* AFURLSessionManager.m */ = {isa = PBXFileReference; fileEncoding = 4; lastKnownFileType = sourcecode.c.objc; path = AFURLSessionManager.m; sourceTree = "<group>"; };
		B5FC66601C9998FE00832617 /* AFNetworkActivityIndicatorManager.h */ = {isa = PBXFileReference; fileEncoding = 4; lastKnownFileType = sourcecode.c.h; path = AFNetworkActivityIndicatorManager.h; sourceTree = "<group>"; };
		B5FC66611C9998FE00832617 /* AFNetworkActivityIndicatorManager.m */ = {isa = PBXFileReference; fileEncoding = 4; lastKnownFileType = sourcecode.c.objc; path = AFNetworkActivityIndicatorManager.m; sourceTree = "<group>"; };
		B5FC66621C9998FE00832617 /* UIActivityIndicatorView+AFNetworking.h */ = {isa = PBXFileReference; fileEncoding = 4; lastKnownFileType = sourcecode.c.h; path = "UIActivityIndicatorView+AFNetworking.h"; sourceTree = "<group>"; };
		B5FC66631C9998FE00832617 /* UIActivityIndicatorView+AFNetworking.m */ = {isa = PBXFileReference; fileEncoding = 4; lastKnownFileType = sourcecode.c.objc; path = "UIActivityIndicatorView+AFNetworking.m"; sourceTree = "<group>"; };
		B5FC66641C9998FE00832617 /* UIAlertView+AFNetworking.h */ = {isa = PBXFileReference; fileEncoding = 4; lastKnownFileType = sourcecode.c.h; path = "UIAlertView+AFNetworking.h"; sourceTree = "<group>"; };
		B5FC66651C9998FE00832617 /* UIAlertView+AFNetworking.m */ = {isa = PBXFileReference; fileEncoding = 4; lastKnownFileType = sourcecode.c.objc; path = "UIAlertView+AFNetworking.m"; sourceTree = "<group>"; };
		B5FC66661C9998FE00832617 /* UIButton+AFNetworking.h */ = {isa = PBXFileReference; fileEncoding = 4; lastKnownFileType = sourcecode.c.h; path = "UIButton+AFNetworking.h"; sourceTree = "<group>"; };
		B5FC66671C9998FE00832617 /* UIButton+AFNetworking.m */ = {isa = PBXFileReference; fileEncoding = 4; lastKnownFileType = sourcecode.c.objc; path = "UIButton+AFNetworking.m"; sourceTree = "<group>"; };
		B5FC66681C9998FE00832617 /* UIImage+AFNetworking.h */ = {isa = PBXFileReference; fileEncoding = 4; lastKnownFileType = sourcecode.c.h; path = "UIImage+AFNetworking.h"; sourceTree = "<group>"; };
		B5FC66691C9998FE00832617 /* UIImageView+AFNetworking.h */ = {isa = PBXFileReference; fileEncoding = 4; lastKnownFileType = sourcecode.c.h; path = "UIImageView+AFNetworking.h"; sourceTree = "<group>"; };
		B5FC666A1C9998FE00832617 /* UIImageView+AFNetworking.m */ = {isa = PBXFileReference; fileEncoding = 4; lastKnownFileType = sourcecode.c.objc; path = "UIImageView+AFNetworking.m"; sourceTree = "<group>"; };
		B5FC666B1C9998FE00832617 /* UIKit+AFNetworking.h */ = {isa = PBXFileReference; fileEncoding = 4; lastKnownFileType = sourcecode.c.h; path = "UIKit+AFNetworking.h"; sourceTree = "<group>"; };
		B5FC666C1C9998FE00832617 /* UIProgressView+AFNetworking.h */ = {isa = PBXFileReference; fileEncoding = 4; lastKnownFileType = sourcecode.c.h; path = "UIProgressView+AFNetworking.h"; sourceTree = "<group>"; };
		B5FC666D1C9998FE00832617 /* UIProgressView+AFNetworking.m */ = {isa = PBXFileReference; fileEncoding = 4; lastKnownFileType = sourcecode.c.objc; path = "UIProgressView+AFNetworking.m"; sourceTree = "<group>"; };
		B5FC666E1C9998FE00832617 /* UIRefreshControl+AFNetworking.h */ = {isa = PBXFileReference; fileEncoding = 4; lastKnownFileType = sourcecode.c.h; path = "UIRefreshControl+AFNetworking.h"; sourceTree = "<group>"; };
		B5FC666F1C9998FE00832617 /* UIRefreshControl+AFNetworking.m */ = {isa = PBXFileReference; fileEncoding = 4; lastKnownFileType = sourcecode.c.objc; path = "UIRefreshControl+AFNetworking.m"; sourceTree = "<group>"; };
		B5FC66701C9998FE00832617 /* UIWebView+AFNetworking.h */ = {isa = PBXFileReference; fileEncoding = 4; lastKnownFileType = sourcecode.c.h; path = "UIWebView+AFNetworking.h"; sourceTree = "<group>"; };
		B5FC66711C9998FE00832617 /* UIWebView+AFNetworking.m */ = {isa = PBXFileReference; fileEncoding = 4; lastKnownFileType = sourcecode.c.objc; path = "UIWebView+AFNetworking.m"; sourceTree = "<group>"; };
		B5FC66851C99996E00832617 /* RequestMethodType.h */ = {isa = PBXFileReference; fileEncoding = 4; lastKnownFileType = sourcecode.c.h; path = RequestMethodType.h; sourceTree = "<group>"; };
		B5FC66861C99996E00832617 /* RequestMethodType.m */ = {isa = PBXFileReference; fileEncoding = 4; lastKnownFileType = sourcecode.c.objc; path = RequestMethodType.m; sourceTree = "<group>"; };
		B5FC66881C999A3700832617 /* RequestBodyType.h */ = {isa = PBXFileReference; fileEncoding = 4; lastKnownFileType = sourcecode.c.h; path = RequestBodyType.h; sourceTree = "<group>"; };
		B5FC66891C999A3700832617 /* RequestBodyType.m */ = {isa = PBXFileReference; fileEncoding = 4; lastKnownFileType = sourcecode.c.objc; path = RequestBodyType.m; sourceTree = "<group>"; };
		B5FC668B1C999B6E00832617 /* ResponseDataType.h */ = {isa = PBXFileReference; fileEncoding = 4; lastKnownFileType = sourcecode.c.h; path = ResponseDataType.h; sourceTree = "<group>"; };
		B5FC668C1C999B6E00832617 /* ResponseDataType.m */ = {isa = PBXFileReference; fileEncoding = 4; lastKnownFileType = sourcecode.c.objc; path = ResponseDataType.m; sourceTree = "<group>"; };
		B5FC668E1C999CA400832617 /* AbstractRequestParameterSerializer.h */ = {isa = PBXFileReference; fileEncoding = 4; lastKnownFileType = sourcecode.c.h; path = AbstractRequestParameterSerializer.h; sourceTree = "<group>"; };
		B5FC668F1C999CA400832617 /* AbstractRequestParameterSerializer.m */ = {isa = PBXFileReference; fileEncoding = 4; lastKnownFileType = sourcecode.c.objc; path = AbstractRequestParameterSerializer.m; sourceTree = "<group>"; };
		B5FC66911C999D5200832617 /* AbstractRequestDataSerializer.h */ = {isa = PBXFileReference; fileEncoding = 4; lastKnownFileType = sourcecode.c.h; path = AbstractRequestDataSerializer.h; sourceTree = "<group>"; };
		B5FC66921C999D5200832617 /* AbstractRequestDataSerializer.m */ = {isa = PBXFileReference; fileEncoding = 4; lastKnownFileType = sourcecode.c.objc; path = AbstractRequestDataSerializer.m; sourceTree = "<group>"; };
		B5FC66941C999DB700832617 /* AbstractNetworkingIndicator.h */ = {isa = PBXFileReference; fileEncoding = 4; lastKnownFileType = sourcecode.c.h; path = AbstractNetworkingIndicator.h; sourceTree = "<group>"; };
		B5FC66951C999DB700832617 /* AbstractNetworkingIndicator.m */ = {isa = PBXFileReference; fileEncoding = 4; lastKnownFileType = sourcecode.c.objc; path = AbstractNetworkingIndicator.m; sourceTree = "<group>"; };
		B5FC66971C999F7C00832617 /* AbstractNetworkingReachability.h */ = {isa = PBXFileReference; fileEncoding = 4; lastKnownFileType = sourcecode.c.h; path = AbstractNetworkingReachability.h; sourceTree = "<group>"; };
		B5FC66981C999F7C00832617 /* AbstractNetworkingReachability.m */ = {isa = PBXFileReference; fileEncoding = 4; lastKnownFileType = sourcecode.c.objc; path = AbstractNetworkingReachability.m; sourceTree = "<group>"; };
		B5FC669E1C99A11000832617 /* AbstractNetworking.h */ = {isa = PBXFileReference; fileEncoding = 4; lastKnownFileType = sourcecode.c.h; path = AbstractNetworking.h; sourceTree = "<group>"; };
		B5FC669F1C99A11000832617 /* AbstractNetworking.m */ = {isa = PBXFileReference; fileEncoding = 4; lastKnownFileType = sourcecode.c.objc; path = AbstractNetworking.m; sourceTree = "<group>"; };
/* End PBXFileReference section */

/* Begin PBXFrameworksBuildPhase section */
		B5FC662E1C9996B500832617 /* Frameworks */ = {
			isa = PBXFrameworksBuildPhase;
			buildActionMask = 2147483647;
			files = (
			);
			runOnlyForDeploymentPostprocessing = 0;
		};
/* End PBXFrameworksBuildPhase section */

/* Begin PBXGroup section */
		B539D4961CA03BB5006FD35F /* Model */ = {
			isa = PBXGroup;
			children = (
				B539D4971CA03BC8006FD35F /* WeatherInfoModel.h */,
				B539D4981CA03BC8006FD35F /* WeatherInfoModel.m */,
				B539D49A1CA03C58006FD35F /* WeatherInfoSerializer.h */,
				B539D49B1CA03C58006FD35F /* WeatherInfoSerializer.m */,
			);
			name = Model;
			sourceTree = "<group>";
		};
		B5FC66281C9996B500832617 = {
			isa = PBXGroup;
			children = (
				B5FC66331C9996B500832617 /* AFNetworking-2.x */,
				B5FC66321C9996B500832617 /* Products */,
			);
			sourceTree = "<group>";
		};
		B5FC66321C9996B500832617 /* Products */ = {
			isa = PBXGroup;
			children = (
				B5FC66311C9996B500832617 /* AFNetworking-2.x.app */,
			);
			name = Products;
			sourceTree = "<group>";
		};
		B5FC66331C9996B500832617 /* AFNetworking-2.x */ = {
			isa = PBXGroup;
			children = (
				B5FC66371C9996B500832617 /* AppDelegate.h */,
				B5FC66381C9996B500832617 /* AppDelegate.m */,
				B5FC663A1C9996B500832617 /* ViewController.h */,
				B5FC663B1C9996B500832617 /* ViewController.m */,
				B539D4961CA03BB5006FD35F /* Model */,
				B5FC669A1C99A0A800832617 /* Networking */,
				B5FC66841C99991A00832617 /* AbstractNetworking */,
				B5FC66831C99990800832617 /* AFNetworking-2.x */,
				B5FC663D1C9996B500832617 /* Main.storyboard */,
				B5FC66401C9996B500832617 /* Assets.xcassets */,
				B5FC66421C9996B500832617 /* LaunchScreen.storyboard */,
				B5FC66451C9996B500832617 /* Info.plist */,
				B5FC66341C9996B500832617 /* Supporting Files */,
			);
			path = "AFNetworking-2.x";
			sourceTree = "<group>";
		};
		B5FC66341C9996B500832617 /* Supporting Files */ = {
			isa = PBXGroup;
			children = (
				B5FC66351C9996B500832617 /* main.m */,
			);
			name = "Supporting Files";
			sourceTree = "<group>";
		};
		B5FC664B1C9998FE00832617 /* AFNetworking */ = {
			isa = PBXGroup;
			children = (
				B5FC664C1C9998FE00832617 /* AFHTTPRequestOperation.h */,
				B5FC664D1C9998FE00832617 /* AFHTTPRequestOperation.m */,
				B5FC664E1C9998FE00832617 /* AFHTTPRequestOperationManager.h */,
				B5FC664F1C9998FE00832617 /* AFHTTPRequestOperationManager.m */,
				B5FC66501C9998FE00832617 /* AFHTTPSessionManager.h */,
				B5FC66511C9998FE00832617 /* AFHTTPSessionManager.m */,
				B5FC66521C9998FE00832617 /* AFNetworking.h */,
				B5FC66531C9998FE00832617 /* AFNetworkReachabilityManager.h */,
				B5FC66541C9998FE00832617 /* AFNetworkReachabilityManager.m */,
				B5FC66551C9998FE00832617 /* AFSecurityPolicy.h */,
				B5FC66561C9998FE00832617 /* AFSecurityPolicy.m */,
				B5FC66571C9998FE00832617 /* AFURLConnectionOperation.h */,
				B5FC66581C9998FE00832617 /* AFURLConnectionOperation.m */,
				B5FC66591C9998FE00832617 /* AFURLRequestSerialization.h */,
				B5FC665A1C9998FE00832617 /* AFURLRequestSerialization.m */,
				B5FC665B1C9998FE00832617 /* AFURLResponseSerialization.h */,
				B5FC665C1C9998FE00832617 /* AFURLResponseSerialization.m */,
				B5FC665D1C9998FE00832617 /* AFURLSessionManager.h */,
				B5FC665E1C9998FE00832617 /* AFURLSessionManager.m */,
			);
			path = AFNetworking;
			sourceTree = "<group>";
		};
		B5FC665F1C9998FE00832617 /* UIKit+AFNetworking */ = {
			isa = PBXGroup;
			children = (
				B5FC66601C9998FE00832617 /* AFNetworkActivityIndicatorManager.h */,
				B5FC66611C9998FE00832617 /* AFNetworkActivityIndicatorManager.m */,
				B5FC66621C9998FE00832617 /* UIActivityIndicatorView+AFNetworking.h */,
				B5FC66631C9998FE00832617 /* UIActivityIndicatorView+AFNetworking.m */,
				B5FC66641C9998FE00832617 /* UIAlertView+AFNetworking.h */,
				B5FC66651C9998FE00832617 /* UIAlertView+AFNetworking.m */,
				B5FC66661C9998FE00832617 /* UIButton+AFNetworking.h */,
				B5FC66671C9998FE00832617 /* UIButton+AFNetworking.m */,
				B5FC66681C9998FE00832617 /* UIImage+AFNetworking.h */,
				B5FC66691C9998FE00832617 /* UIImageView+AFNetworking.h */,
				B5FC666A1C9998FE00832617 /* UIImageView+AFNetworking.m */,
				B5FC666B1C9998FE00832617 /* UIKit+AFNetworking.h */,
				B5FC666C1C9998FE00832617 /* UIProgressView+AFNetworking.h */,
				B5FC666D1C9998FE00832617 /* UIProgressView+AFNetworking.m */,
				B5FC666E1C9998FE00832617 /* UIRefreshControl+AFNetworking.h */,
				B5FC666F1C9998FE00832617 /* UIRefreshControl+AFNetworking.m */,
				B5FC66701C9998FE00832617 /* UIWebView+AFNetworking.h */,
				B5FC66711C9998FE00832617 /* UIWebView+AFNetworking.m */,
			);
			path = "UIKit+AFNetworking";
			sourceTree = "<group>";
		};
		B5FC66831C99990800832617 /* AFNetworking-2.x */ = {
			isa = PBXGroup;
			children = (
				B5FC664B1C9998FE00832617 /* AFNetworking */,
				B5FC665F1C9998FE00832617 /* UIKit+AFNetworking */,
			);
			name = "AFNetworking-2.x";
			sourceTree = "<group>";
		};
		B5FC66841C99991A00832617 /* AbstractNetworking */ = {
			isa = PBXGroup;
			children = (
				B5FC66851C99996E00832617 /* RequestMethodType.h */,
				B5FC66861C99996E00832617 /* RequestMethodType.m */,
				B5FC66881C999A3700832617 /* RequestBodyType.h */,
				B5FC66891C999A3700832617 /* RequestBodyType.m */,
				B5FC668B1C999B6E00832617 /* ResponseDataType.h */,
				B5FC668C1C999B6E00832617 /* ResponseDataType.m */,
				B5FC668E1C999CA400832617 /* AbstractRequestParameterSerializer.h */,
				B5FC668F1C999CA400832617 /* AbstractRequestParameterSerializer.m */,
				B5FC66911C999D5200832617 /* AbstractRequestDataSerializer.h */,
				B5FC66921C999D5200832617 /* AbstractRequestDataSerializer.m */,
				B5FC66941C999DB700832617 /* AbstractNetworkingIndicator.h */,
				B5FC66951C999DB700832617 /* AbstractNetworkingIndicator.m */,
				B5FC66971C999F7C00832617 /* AbstractNetworkingReachability.h */,
				B5FC66981C999F7C00832617 /* AbstractNetworkingReachability.m */,
				B5FC669E1C99A11000832617 /* AbstractNetworking.h */,
				B5FC669F1C99A11000832617 /* AbstractNetworking.m */,
			);
			name = AbstractNetworking;
			sourceTree = "<group>";
		};
		B5FC669A1C99A0A800832617 /* Networking */ = {
			isa = PBXGroup;
			children = (
				B539D48D1CA022F3006FD35F /* Networking.h */,
				B539D48E1CA022F3006FD35F /* Networking.m */,
				B539D4901CA03768006FD35F /* NetworkingIndicator.h */,
				B539D4911CA03768006FD35F /* NetworkingIndicator.m */,
				B539D4931CA037D1006FD35F /* NetworkingReachability.h */,
				B539D4941CA037D1006FD35F /* NetworkingReachability.m */,
			);
			name = Networking;
			sourceTree = "<group>";
		};
/* End PBXGroup section */

/* Begin PBXNativeTarget section */
		B5FC66301C9996B500832617 /* AFNetworking-2.x */ = {
			isa = PBXNativeTarget;
			buildConfigurationList = B5FC66481C9996B500832617 /* Build configuration list for PBXNativeTarget "AFNetworking-2.x" */;
			buildPhases = (
				B5FC662D1C9996B500832617 /* Sources */,
				B5FC662E1C9996B500832617 /* Frameworks */,
				B5FC662F1C9996B500832617 /* Resources */,
			);
			buildRules = (
			);
			dependencies = (
			);
			name = "AFNetworking-2.x";
			productName = "AFNetworking-2.x";
			productReference = B5FC66311C9996B500832617 /* AFNetworking-2.x.app */;
			productType = "com.apple.product-type.application";
		};
/* End PBXNativeTarget section */

/* Begin PBXProject section */
		B5FC66291C9996B500832617 /* Project object */ = {
			isa = PBXProject;
			attributes = {
				LastUpgradeCheck = 0720;
				ORGANIZATIONNAME = FrankLiu;
				TargetAttributes = {
					B5FC66301C9996B500832617 = {
						CreatedOnToolsVersion = 7.2;
					};
				};
			};
			buildConfigurationList = B5FC662C1C9996B500832617 /* Build configuration list for PBXProject "AFNetworking-2.x" */;
			compatibilityVersion = "Xcode 3.2";
			developmentRegion = English;
			hasScannedForEncodings = 0;
			knownRegions = (
				en,
				Base,
			);
			mainGroup = B5FC66281C9996B500832617;
			productRefGroup = B5FC66321C9996B500832617 /* Products */;
			projectDirPath = "";
			projectRoot = "";
			targets = (
				B5FC66301C9996B500832617 /* AFNetworking-2.x */,
			);
		};
/* End PBXProject section */

/* Begin PBXResourcesBuildPhase section */
		B5FC662F1C9996B500832617 /* Resources */ = {
			isa = PBXResourcesBuildPhase;
			buildActionMask = 2147483647;
			files = (
				B5FC66441C9996B500832617 /* LaunchScreen.storyboard in Resources */,
				B5FC66411C9996B500832617 /* Assets.xcassets in Resources */,
				B5FC663F1C9996B500832617 /* Main.storyboard in Resources */,
			);
			runOnlyForDeploymentPostprocessing = 0;
		};
/* End PBXResourcesBuildPhase section */

/* Begin PBXSourcesBuildPhase section */
		B5FC662D1C9996B500832617 /* Sources */ = {
			isa = PBXSourcesBuildPhase;
			buildActionMask = 2147483647;
			files = (
				B5FC66721C9998FE00832617 /* AFHTTPRequestOperation.m in Sources */,
				B5FC668A1C999A3700832617 /* RequestBodyType.m in Sources */,
				B5FC667F1C9998FE00832617 /* UIImageView+AFNetworking.m in Sources */,
				B5FC663C1C9996B500832617 /* ViewController.m in Sources */,
				B5FC66931C999D5200832617 /* AbstractRequestDataSerializer.m in Sources */,
				B539D4921CA03768006FD35F /* NetworkingIndicator.m in Sources */,
				B5FC66991C999F7C00832617 /* AbstractNetworkingReachability.m in Sources */,
				B5FC66871C99996E00832617 /* RequestMethodType.m in Sources */,
				B5FC66731C9998FE00832617 /* AFHTTPRequestOperationManager.m in Sources */,
				B5FC66801C9998FE00832617 /* UIProgressView+AFNetworking.m in Sources */,
				B5FC66901C999CA400832617 /* AbstractRequestParameterSerializer.m in Sources */,
				B5FC66961C999DB700832617 /* AbstractNetworkingIndicator.m in Sources */,
				B5FC66751C9998FE00832617 /* AFNetworkReachabilityManager.m in Sources */,
				B539D48F1CA022F3006FD35F /* Networking.m in Sources */,
				B5FC66791C9998FE00832617 /* AFURLResponseSerialization.m in Sources */,
				B5FC66771C9998FE00832617 /* AFURLConnectionOperation.m in Sources */,
				B5FC667E1C9998FE00832617 /* UIButton+AFNetworking.m in Sources */,
				B5FC66A01C99A11000832617 /* AbstractNetworking.m in Sources */,
				B5FC667C1C9998FE00832617 /* UIActivityIndicatorView+AFNetworking.m in Sources */,
				B5FC66761C9998FE00832617 /* AFSecurityPolicy.m in Sources */,
				B5FC66811C9998FE00832617 /* UIRefreshControl+AFNetworking.m in Sources */,
				B5FC66821C9998FE00832617 /* UIWebView+AFNetworking.m in Sources */,
				B5FC66741C9998FE00832617 /* AFHTTPSessionManager.m in Sources */,
				B5FC667D1C9998FE00832617 /* UIAlertView+AFNetworking.m in Sources */,
				B5FC66781C9998FE00832617 /* AFURLRequestSerialization.m in Sources */,
				B5FC667B1C9998FE00832617 /* AFNetworkActivityIndicatorManager.m in Sources */,
				B539D4991CA03BC8006FD35F /* WeatherInfoModel.m in Sources */,
				B5FC668D1C999B6E00832617 /* ResponseDataType.m in Sources */,
				B5FC667A1C9998FE00832617 /* AFURLSessionManager.m in Sources */,
				B5FC66391C9996B500832617 /* AppDelegate.m in Sources */,
				B539D4951CA037D1006FD35F /* NetworkingReachability.m in Sources */,
				B539D49C1CA03C58006FD35F /* WeatherInfoSerializer.m in Sources */,
				B5FC66361C9996B500832617 /* main.m in Sources */,
			);
			runOnlyForDeploymentPostprocessing = 0;
		};
/* End PBXSourcesBuildPhase section */

/* Begin PBXVariantGroup section */
		B5FC663D1C9996B500832617 /* Main.storyboard */ = {
			isa = PBXVariantGroup;
			children = (
				B5FC663E1C9996B500832617 /* Base */,
			);
			name = Main.storyboard;
			sourceTree = "<group>";
		};
		B5FC66421C9996B500832617 /* LaunchScreen.storyboard */ = {
			isa = PBXVariantGroup;
			children = (
				B5FC66431C9996B500832617 /* Base */,
			);
			name = LaunchScreen.storyboard;
			sourceTree = "<group>";
		};
/* End PBXVariantGroup section */

/* Begin XCBuildConfiguration section */
		B5FC66461C9996B500832617 /* Debug */ = {
			isa = XCBuildConfiguration;
			buildSettings = {
				ALWAYS_SEARCH_USER_PATHS = NO;
				CLANG_CXX_LANGUAGE_STANDARD = "gnu++0x";
				CLANG_CXX_LIBRARY = "libc++";
				CLANG_ENABLE_MODULES = YES;
				CLANG_ENABLE_OBJC_ARC = YES;
				CLANG_WARN_BOOL_CONVERSION = YES;
				CLANG_WARN_CONSTANT_CONVERSION = YES;
				CLANG_WARN_DIRECT_OBJC_ISA_USAGE = YES_ERROR;
				CLANG_WARN_EMPTY_BODY = YES;
				CLANG_WARN_ENUM_CONVERSION = YES;
				CLANG_WARN_INT_CONVERSION = YES;
				CLANG_WARN_OBJC_ROOT_CLASS = YES_ERROR;
				CLANG_WARN_UNREACHABLE_CODE = YES;
				CLANG_WARN__DUPLICATE_METHOD_MATCH = YES;
				"CODE_SIGN_IDENTITY[sdk=iphoneos*]" = "iPhone Developer";
				COPY_PHASE_STRIP = NO;
				DEBUG_INFORMATION_FORMAT = dwarf;
				ENABLE_STRICT_OBJC_MSGSEND = YES;
				ENABLE_TESTABILITY = YES;
				GCC_C_LANGUAGE_STANDARD = gnu99;
				GCC_DYNAMIC_NO_PIC = NO;
				GCC_NO_COMMON_BLOCKS = YES;
				GCC_OPTIMIZATION_LEVEL = 0;
				GCC_PREPROCESSOR_DEFINITIONS = (
					"DEBUG=1",
					"$(inherited)",
				);
				GCC_WARN_64_TO_32_BIT_CONVERSION = YES;
				GCC_WARN_ABOUT_RETURN_TYPE = YES_ERROR;
				GCC_WARN_UNDECLARED_SELECTOR = YES;
				GCC_WARN_UNINITIALIZED_AUTOS = YES_AGGRESSIVE;
				GCC_WARN_UNUSED_FUNCTION = YES;
				GCC_WARN_UNUSED_VARIABLE = YES;
				IPHONEOS_DEPLOYMENT_TARGET = 8.0;
				MTL_ENABLE_DEBUG_INFO = YES;
				ONLY_ACTIVE_ARCH = YES;
				SDKROOT = iphoneos;
			};
			name = Debug;
		};
		B5FC66471C9996B500832617 /* Release */ = {
			isa = XCBuildConfiguration;
			buildSettings = {
				ALWAYS_SEARCH_USER_PATHS = NO;
				CLANG_CXX_LANGUAGE_STANDARD = "gnu++0x";
				CLANG_CXX_LIBRARY = "libc++";
				CLANG_ENABLE_MODULES = YES;
				CLANG_ENABLE_OBJC_ARC = YES;
				CLANG_WARN_BOOL_CONVERSION = YES;
				CLANG_WARN_CONSTANT_CONVERSION = YES;
				CLANG_WARN_DIRECT_OBJC_ISA_USAGE = YES_ERROR;
				CLANG_WARN_EMPTY_BODY = YES;
				CLANG_WARN_ENUM_CONVERSION = YES;
				CLANG_WARN_INT_CONVERSION = YES;
				CLANG_WARN_OBJC_ROOT_CLASS = YES_ERROR;
				CLANG_WARN_UNREACHABLE_CODE = YES;
				CLANG_WARN__DUPLICATE_METHOD_MATCH = YES;
				"CODE_SIGN_IDENTITY[sdk=iphoneos*]" = "iPhone Developer";
				COPY_PHASE_STRIP = NO;
				DEBUG_INFORMATION_FORMAT = "dwarf-with-dsym";
				ENABLE_NS_ASSERTIONS = NO;
				ENABLE_STRICT_OBJC_MSGSEND = YES;
				GCC_C_LANGUAGE_STANDARD = gnu99;
				GCC_NO_COMMON_BLOCKS = YES;
				GCC_WARN_64_TO_32_BIT_CONVERSION = YES;
				GCC_WARN_ABOUT_RETURN_TYPE = YES_ERROR;
				GCC_WARN_UNDECLARED_SELECTOR = YES;
				GCC_WARN_UNINITIALIZED_AUTOS = YES_AGGRESSIVE;
				GCC_WARN_UNUSED_FUNCTION = YES;
				GCC_WARN_UNUSED_VARIABLE = YES;
				IPHONEOS_DEPLOYMENT_TARGET = 8.0;
				MTL_ENABLE_DEBUG_INFO = NO;
				SDKROOT = iphoneos;
				VALIDATE_PRODUCT = YES;
			};
			name = Release;
		};
		B5FC66491C9996B500832617 /* Debug */ = {
			isa = XCBuildConfiguration;
			buildSettings = {
				ASSETCATALOG_COMPILER_APPICON_NAME = AppIcon;
				INFOPLIST_FILE = "AFNetworking-2.x/Info.plist";
				IPHONEOS_DEPLOYMENT_TARGET = 8.0;
				LD_RUNPATH_SEARCH_PATHS = "$(inherited) @executable_path/Frameworks";
				PRODUCT_BUNDLE_IDENTIFIER = "com.FrankLiu.AFNetworking-2-x";
				PRODUCT_NAME = "$(TARGET_NAME)";
			};
			name = Debug;
		};
		B5FC664A1C9996B500832617 /* Release */ = {
			isa = XCBuildConfiguration;
			buildSettings = {
				ASSETCATALOG_COMPILER_APPICON_NAME = AppIcon;
				INFOPLIST_FILE = "AFNetworking-2.x/Info.plist";
				IPHONEOS_DEPLOYMENT_TARGET = 8.0;
				LD_RUNPATH_SEARCH_PATHS = "$(inherited) @executable_path/Frameworks";
				PRODUCT_BUNDLE_IDENTIFIER = "com.FrankLiu.AFNetworking-2-x";
				PRODUCT_NAME = "$(TARGET_NAME)";
			};
			name = Release;
		};
/* End XCBuildConfiguration section */

/* Begin XCConfigurationList section */
		B5FC662C1C9996B500832617 /* Build configuration list for PBXProject "AFNetworking-2.x" */ = {
			isa = XCConfigurationList;
			buildConfigurations = (
				B5FC66461C9996B500832617 /* Debug */,
				B5FC66471C9996B500832617 /* Release */,
			);
			defaultConfigurationIsVisible = 0;
			defaultConfigurationName = Release;
		};
		B5FC66481C9996B500832617 /* Build configuration list for PBXNativeTarget "AFNetworking-2.x" */ = {
			isa = XCConfigurationList;
			buildConfigurations = (
				B5FC66491C9996B500832617 /* Debug */,
				B5FC664A1C9996B500832617 /* Release */,
			);
			defaultConfigurationIsVisible = 0;
			defaultConfigurationName = Release;
		};
/* End XCConfigurationList section */
	};
	rootObject = B5FC66291C9996B500832617 /* Project object */;
}
